
Microsoft Visual Studio Solution File, Format Version 12.00
# Visual Studio Version 17
VisualStudioVersion = 17.13.35919.96 d17.13
MinimumVisualStudioVersion = 10.0.40219.1
Project("{8BC9CEB8-8B4A-11D0-8D11-00A0C91BC942}") = "FistCppGame", "FistCppGame\FistCppGame.vcxproj", "{3DBDCBA0-E9CB-40E9-B297-BA2DF0F7821B}"
EndProject
Global
	GlobalSection(SolutionConfigurationPlatforms) = preSolution
		Debug|x64 = Debug|x64
		Release|x64 = Release|x64
	EndGlobalSection
	GlobalSection(ProjectConfigurationPlatforms) = postSolution
		{3DBDCBA0-E9CB-40E9-B297-BA2DF0F7821B}.Debug|x64.ActiveCfg = Debug|x64
		{3DBDCBA0-E9CB-40E9-B297-BA2DF0F7821B}.Debug|x64.Build.0 = Debug|x64
		{3DBDCBA0-E9CB-40E9-B297-BA2DF0F7821B}.Release|x64.ActiveCfg = Release|x64
		{3DBDCBA0-E9CB-40E9-B297-BA2DF0F7821B}.Release|x64.Build.0 = Release|x64
	EndGlobalSection
	GlobalSection(SolutionProperties) = preSolution
		HideSolutionNode = FALSE
	EndGlobalSection
	GlobalSection(ExtensibilityGlobals) = postSolution
		SolutionGuid = {43CF421B-85A6-40B5-83AF-1F0DCC7ED58B}
	EndGlobalSection
EndGlobal
